
Microsoft Visual Studio Solution File, Format Version 12.00
# Visual Studio Version 17
VisualStudioVersion = 17.1.32210.238
MinimumVisualStudioVersion = 10.0.40219.1
Project("{FAE04EC0-301F-11D3-BF4B-00C04F79EFBC}") = "XanaduUniverse", "XanaduUniverse.csproj", "{FB5F4F35-32B8-4F82-8526-3C1CFF8B64ED}"
EndProject
Global
	GlobalSection(SolutionConfigurationPlatforms) = preSolution
		Debug|Any CPU = Debug|Any CPU
		Release|Any CPU = Release|Any CPU
	EndGlobalSection
	GlobalSection(ProjectConfigurationPlatforms) = postSolution
		{FB5F4F35-32B8-4F82-8526-3C1CFF8B64ED}.Debug|Any CPU.ActiveCfg = Debug|Any CPU
		{FB5F4F35-32B8-4F82-8526-3C1CFF8B64ED}.Debug|Any CPU.Build.0 = Debug|Any CPU
		{FB5F4F35-32B8-4F82-8526-3C1CFF8B64ED}.Release|Any CPU.ActiveCfg = Release|Any CPU
		{FB5F4F35-32B8-4F82-8526-3C1CFF8B64ED}.Release|Any CPU.Build.0 = Release|Any CPU
	EndGlobalSection
	GlobalSection(SolutionProperties) = preSolution
		HideSolutionNode = FALSE
	EndGlobalSection
	GlobalSection(ExtensibilityGlobals) = postSolution
		SolutionGuid = {C33F1AEA-2D81-400E-89B4-9FDCC3AE7F6A}
	EndGlobalSection
EndGlobal
